{
  "name": "quasar-app-extension-qdatetimepicker",
  "version": "1.0.0-rc.17",
  "lockfileVersion": 1,
  "requires": true,
  "dependencies": {
    "quasar": {
      "version": "1.15.0",
      "resolved": "https://registry.npmjs.org/quasar/-/quasar-1.15.0.tgz",
      "integrity": "sha512-GTIz/8AgzpHKPsbrQfO32dPPEGjDSFDWRE4dvt3AHh2LtRRAE5QJwPMqCy11GYGhyLMeZaRl76AuCUVb0BYTzA==",
      "dev": true
    },
    "vue": {
      "version": "2.6.12",
      "resolved": "https://registry.npmjs.org/vue/-/vue-2.6.12.tgz",
      "integrity": "sha512-uhmLFETqPPNyuLLbsKz6ioJ4q7AZHzD8ZVFNATNyICSZouqP2Sz0rotWQC8UNBF6VGSCs5abnKJoStA6JbCbfg==",
      "dev": true
    }
  }
}
